
Microsoft Visual Studio Solution File, Format Version 12.00
# Visual Studio 15
VisualStudioVersion = 15.0.27703.2000
MinimumVisualStudioVersion = 10.0.40219.1
Project("{9A19103F-16F7-4668-BE54-9A1E7A4F7556}") = "AtolTest", "AtolTest\AtolTest.csproj", "{CBB50806-6422-4C7B-B193-5F34DD2915C0}"
EndProject
Project("{FAE04EC0-301F-11D3-BF4B-00C04F79EFBC}") = "AtolTest.GraphWorkerTest", "AtolTest.NodeTreeWorker.Test\AtolTest.GraphWorkerTest.csproj", "{55D04306-CE9E-4A6B-B0FD-6A81D546FF10}"
EndProject
Global
	GlobalSection(SolutionConfigurationPlatforms) = preSolution
		Debug|Any CPU = Debug|Any CPU
		Release|Any CPU = Release|Any CPU
	EndGlobalSection
	GlobalSection(ProjectConfigurationPlatforms) = postSolution
		{CBB50806-6422-4C7B-B193-5F34DD2915C0}.Debug|Any CPU.ActiveCfg = Debug|Any CPU
		{CBB50806-6422-4C7B-B193-5F34DD2915C0}.Debug|Any CPU.Build.0 = Debug|Any CPU
		{CBB50806-6422-4C7B-B193-5F34DD2915C0}.Release|Any CPU.ActiveCfg = Release|Any CPU
		{CBB50806-6422-4C7B-B193-5F34DD2915C0}.Release|Any CPU.Build.0 = Release|Any CPU
		{55D04306-CE9E-4A6B-B0FD-6A81D546FF10}.Debug|Any CPU.ActiveCfg = Debug|Any CPU
		{55D04306-CE9E-4A6B-B0FD-6A81D546FF10}.Debug|Any CPU.Build.0 = Debug|Any CPU
		{55D04306-CE9E-4A6B-B0FD-6A81D546FF10}.Release|Any CPU.ActiveCfg = Release|Any CPU
		{55D04306-CE9E-4A6B-B0FD-6A81D546FF10}.Release|Any CPU.Build.0 = Release|Any CPU
	EndGlobalSection
	GlobalSection(SolutionProperties) = preSolution
		HideSolutionNode = FALSE
	EndGlobalSection
	GlobalSection(ExtensibilityGlobals) = postSolution
		SolutionGuid = {8FE0600C-1FBF-448A-81D5-BB39B457FE52}
	EndGlobalSection
EndGlobal
